{
  "name": "7-node-env-vars",
  "version": "1.0.0",
  "lockfileVersion": 2,
  "requires": true,
  "packages": {
    "": {
      "name": "7-node-env-vars",
      "version": "1.0.0",
      "license": "ISC",
      "dependencies": {
        "dotenv": "^16.5.0",
        "zod": "^3.25.56"
      }
    },
    "node_modules/dotenv": {
      "version": "16.5.0",
      "resolved": "https://registry.npmjs.org/dotenv/-/dotenv-16.5.0.tgz",
      "integrity": "sha512-m/C+AwOAr9/W1UOIZUo232ejMNnJAJtYQjUbHoNTBNTJSvqzzDh7vnrei3o3r3m9blf6ZoDkvcw0VmozNRFJxg==",
      "engines": {
        "node": ">=12"
      },
      "funding": {
        "url": "https://dotenvx.com"
      }
    },
    "node_modules/zod": {
      "version": "3.25.56",
      "resolved": "https://registry.npmjs.org/zod/-/zod-3.25.56.tgz",
      "integrity": "sha512-rd6eEF3BTNvQnR2e2wwolfTmUTnp70aUTqr0oaGbHifzC3BKJsoV+Gat8vxUMR1hwOKBs6El+qWehrHbCpW6SQ==",
      "funding": {
        "url": "https://github.com/sponsors/colinhacks"
      }
    }
  },
  "dependencies": {
    "dotenv": {
      "version": "16.5.0",
      "resolved": "https://registry.npmjs.org/dotenv/-/dotenv-16.5.0.tgz",
      "integrity": "sha512-m/C+AwOAr9/W1UOIZUo232ejMNnJAJtYQjUbHoNTBNTJSvqzzDh7vnrei3o3r3m9blf6ZoDkvcw0VmozNRFJxg=="
    },
    "zod": {
      "version": "3.25.56",
      "resolved": "https://registry.npmjs.org/zod/-/zod-3.25.56.tgz",
      "integrity": "sha512-rd6eEF3BTNvQnR2e2wwolfTmUTnp70aUTqr0oaGbHifzC3BKJsoV+Gat8vxUMR1hwOKBs6El+qWehrHbCpW6SQ=="
    }
  }
}
